{
  "originHash" : "a2fc303e4b16c93c972ef2ddc4042cf91a9400e5d1639bc9740a80c0336cdd4e",
  "pins" : [
    {
      "identity" : "posthog-ios",
      "kind" : "remoteSourceControl",
      "location" : "https://github.com/PostHog/posthog-ios",
      "state" : {
        "revision" : "218fb6fe016a27baa3651613d53dae5c6e36af15",
        "version" : "3.57.3"
      }
    }
  ],
  "version" : 3
}
