PODS:
  - Flutter (1.0.0)
  - flutter_carplay (1.1.0):
    - Flutter

DEPENDENCIES:
  - Flutter (from `Flutter`)
  - flutter_carplay (from `.symlinks/plugins/flutter_carplay/ios`)

EXTERNAL SOURCES:
  Flutter:
    :path: Flutter
  flutter_carplay:
    :path: ".symlinks/plugins/flutter_carplay/ios"

SPEC CHECKSUMS:
  Flutter: e0871f40cf51350855a761d2e70bf5af5b9b5de7
  flutter_carplay: 7326e72d693f7540711bf2d80be7e5aee4fe22b5

PODFILE CHECKSUM: c97c7b52eeefe07e07a87b7c35d294f73deebba0

COCOAPODS: 1.16.2
